
Microsoft Visual Studio Solution File, Format Version 12.00
# Visual Studio 15
VisualStudioVersion = 15.0.28307.1259
MinimumVisualStudioVersion = 10.0.40219.1
Project("{FAE04EC0-301F-11D3-BF4B-00C04F79EFBC}") = "fast food management system", "fast food management system\fast food management system.csproj", "{803F62B2-3193-4410-9975-0DE15A948E92}"
EndProject
Global
	GlobalSection(SolutionConfigurationPlatforms) = preSolution
		Debug|Any CPU = Debug|Any CPU
		Release|Any CPU = Release|Any CPU
	EndGlobalSection
	GlobalSection(ProjectConfigurationPlatforms) = postSolution
		{803F62B2-3193-4410-9975-0DE15A948E92}.Debug|Any CPU.ActiveCfg = Debug|Any CPU
		{803F62B2-3193-4410-9975-0DE15A948E92}.Debug|Any CPU.Build.0 = Debug|Any CPU
		{803F62B2-3193-4410-9975-0DE15A948E92}.Release|Any CPU.ActiveCfg = Release|Any CPU
		{803F62B2-3193-4410-9975-0DE15A948E92}.Release|Any CPU.Build.0 = Release|Any CPU
	EndGlobalSection
	GlobalSection(SolutionProperties) = preSolution
		HideSolutionNode = FALSE
	EndGlobalSection
	GlobalSection(ExtensibilityGlobals) = postSolution
		SolutionGuid = {5DBE6C19-E6AA-4C94-B723-F1550CD6D8C2}
	EndGlobalSection
EndGlobal
