
Microsoft Visual Studio Solution File, Format Version 12.00
# Visual Studio 15
VisualStudioVersion = 15.0.28307.1259
MinimumVisualStudioVersion = 10.0.40219.1
Project("{FAE04EC0-301F-11D3-BF4B-00C04F79EFBC}") = "EnityFramework", "EnityFramework\EnityFramework.csproj", "{5ABCA9E2-E268-4BF0-A0AE-0FBF4A03038E}"
EndProject
Global
	GlobalSection(SolutionConfigurationPlatforms) = preSolution
		Debug|Any CPU = Debug|Any CPU
		Release|Any CPU = Release|Any CPU
	EndGlobalSection
	GlobalSection(ProjectConfigurationPlatforms) = postSolution
		{5ABCA9E2-E268-4BF0-A0AE-0FBF4A03038E}.Debug|Any CPU.ActiveCfg = Debug|Any CPU
		{5ABCA9E2-E268-4BF0-A0AE-0FBF4A03038E}.Debug|Any CPU.Build.0 = Debug|Any CPU
		{5ABCA9E2-E268-4BF0-A0AE-0FBF4A03038E}.Release|Any CPU.ActiveCfg = Release|Any CPU
		{5ABCA9E2-E268-4BF0-A0AE-0FBF4A03038E}.Release|Any CPU.Build.0 = Release|Any CPU
	EndGlobalSection
	GlobalSection(SolutionProperties) = preSolution
		HideSolutionNode = FALSE
	EndGlobalSection
	GlobalSection(ExtensibilityGlobals) = postSolution
		SolutionGuid = {DAF22A7F-2FD5-4B13-8B52-DD297ED31DBC}
	EndGlobalSection
EndGlobal
